
Microsoft Visual Studio Solution File, Format Version 12.00
# Visual Studio 15
VisualStudioVersion = 15.0.27703.2047
MinimumVisualStudioVersion = 10.0.40219.1
Project("{FAE04EC0-301F-11D3-BF4B-00C04F79EFBC}") = "Point.Settlement", "Point.Settlement\Point.Settlement.csproj", "{42EBA2D7-1A0A-4D14-91CE-805297C4B56A}"
EndProject
Project("{FAE04EC0-301F-11D3-BF4B-00C04F79EFBC}") = "Point.Settlement.Model", "Point.Settlement.Model\Point.Settlement.Model.csproj", "{DE4DDA1E-59A4-428D-85B8-0786C3169AA3}"
EndProject
Global
	GlobalSection(SolutionConfigurationPlatforms) = preSolution
		Debug|Any CPU = Debug|Any CPU
		Release|Any CPU = Release|Any CPU
	EndGlobalSection
	GlobalSection(ProjectConfigurationPlatforms) = postSolution
		{42EBA2D7-1A0A-4D14-91CE-805297C4B56A}.Debug|Any CPU.ActiveCfg = Debug|Any CPU
		{42EBA2D7-1A0A-4D14-91CE-805297C4B56A}.Debug|Any CPU.Build.0 = Debug|Any CPU
		{42EBA2D7-1A0A-4D14-91CE-805297C4B56A}.Release|Any CPU.ActiveCfg = Release|Any CPU
		{42EBA2D7-1A0A-4D14-91CE-805297C4B56A}.Release|Any CPU.Build.0 = Release|Any CPU
		{DE4DDA1E-59A4-428D-85B8-0786C3169AA3}.Debug|Any CPU.ActiveCfg = Debug|Any CPU
		{DE4DDA1E-59A4-428D-85B8-0786C3169AA3}.Debug|Any CPU.Build.0 = Debug|Any CPU
		{DE4DDA1E-59A4-428D-85B8-0786C3169AA3}.Release|Any CPU.ActiveCfg = Release|Any CPU
		{DE4DDA1E-59A4-428D-85B8-0786C3169AA3}.Release|Any CPU.Build.0 = Release|Any CPU
	EndGlobalSection
	GlobalSection(SolutionProperties) = preSolution
		HideSolutionNode = FALSE
	EndGlobalSection
	GlobalSection(ExtensibilityGlobals) = postSolution
		SolutionGuid = {6B01BA26-0141-44D6-B66D-1F88F299BDDA}
	EndGlobalSection
EndGlobal
